openzeppelin-contracts v5.6.1
commit 5fd1781b1454fd1ef8e722282f86f9293cacf256
source https://github.com/OpenZeppelin/openzeppelin-contracts
ECDSA.sol sha256 ba7c2d314fcd61c9783e0b3f0c664d004b76b408fda6a84edc8267d17c5012d6
EIP712.sol sha256 2845caaaf70757b6cce612ae4ffbec2c382cb3d1cb9765c98fa649c0f5f1c794

openzeppelin-contracts-upgradeable v5.6.1
commit 7bf4727aacdbfaa0f36cbd664654d0c9e1dc52bf
source https://github.com/OpenZeppelin/openzeppelin-contracts-upgradeable
vendored subset: AccessControlUpgradeable, ContextUpgradeable, PausableUpgradeable,
ERC165Upgradeable, EIP712Upgradeable, UUPSUpgradeable, Initializable
AccessControlUpgradeable.sol sha256 b6fcfbabb4fb0f0b23b018ed667a5302adcda512ce635c52b50ee2704609fdb7
ContextUpgradeable.sol sha256 caf06b4c93bbc1d54eb772e76e949bd4a2520c535cc591d07e57cbafaf90b2fd
PausableUpgradeable.sol sha256 033d129c20add72b7117a086b11d789bcabdda2b6d64311031747a61fc856e0f
ERC165Upgradeable.sol sha256 73882072b1bd2744526f0ea1456ae0a53ae867d971ddf744d46b4a7c3c8eee57
EIP712Upgradeable.sol sha256 42ce3b2c7fac2978822163a1759728be83d7f73d3f33ca4016506826260cf7ac
UUPSUpgradeable.sol sha256 18fd32f4ee1c70a19b089839935db44400e59c4724b7e02e430defd1eb670eb5
Initializable.sol sha256 a8b2a4ade9afe90f8e5026906c69911489389f2a892c5e4fe3de5cb918869251

erc-8183/base-contracts
commit 142e669c1fd318486a4628395b629f033654dd06
source https://github.com/erc-8183/base-contracts
ERC8183.sol sha256 c5db4bcdc89dce6cc53629a19fcbcb73e973bc07f83b07a730aa4712bdedb1e4
IERC8183Hook.sol sha256 2d7797c0b59e793092cf67db93ac9d715500372b144de3d12dbadca70b63d744
IDisburser.sol sha256 51e8dae2f2f0e34fa31a777edb67b45bd5d50a8bc341c605e4eaa5f4f3724209
